
{
  "name": "uplink-core",
  "lockfileVersion": 2,
  "requires": true,
  "packages": {
    "": {
      "name": "uplink-core",
      "version": "1.0.0",
      "license": "MIT",
      "dependencies": {
        "react": "^18.2.0",
        "react-dom": "^18.2.0",
        "react-scripts": "5.0.1"
      }
    }
  }
}
